
Microsoft Visual Studio Solution File, Format Version 12.00
# Visual Studio 15
VisualStudioVersion = 15.0.27130.2024
MinimumVisualStudioVersion = 10.0.40219.1
Project("{FAE04EC0-301F-11D3-BF4B-00C04F79EFBC}") = "ScholarStationUnitTests", "ScholarStationUnitTests\ScholarStationUnitTests.csproj", "{2937E332-3A79-4E9C-B166-FB4AB3F1441F}"
EndProject
Global
	GlobalSection(SolutionConfigurationPlatforms) = preSolution
		Debug|Any CPU = Debug|Any CPU
		Release|Any CPU = Release|Any CPU
	EndGlobalSection
	GlobalSection(ProjectConfigurationPlatforms) = postSolution
		{2937E332-3A79-4E9C-B166-FB4AB3F1441F}.Debug|Any CPU.ActiveCfg = Debug|Any CPU
		{2937E332-3A79-4E9C-B166-FB4AB3F1441F}.Debug|Any CPU.Build.0 = Debug|Any CPU
		{2937E332-3A79-4E9C-B166-FB4AB3F1441F}.Release|Any CPU.ActiveCfg = Release|Any CPU
		{2937E332-3A79-4E9C-B166-FB4AB3F1441F}.Release|Any CPU.Build.0 = Release|Any CPU
	EndGlobalSection
	GlobalSection(SolutionProperties) = preSolution
		HideSolutionNode = FALSE
	EndGlobalSection
	GlobalSection(ExtensibilityGlobals) = postSolution
		SolutionGuid = {B48EEE48-250D-4931-827B-30D3919C8BD6}
	EndGlobalSection
EndGlobal
